
Microsoft Visual Studio Solution File, Format Version 12.00
# Visual Studio Version 16
VisualStudioVersion = 16.0.30717.126
MinimumVisualStudioVersion = 10.0.40219.1
Project("{FAE04EC0-301F-11D3-BF4B-00C04F79EFBC}") = "WpfITStep", "WpfITStep\WpfITStep.csproj", "{99BED87A-6340-438A-A57D-D9B7BFA380E0}"
EndProject
Global
	GlobalSection(SolutionConfigurationPlatforms) = preSolution
		Debug|Any CPU = Debug|Any CPU
		Release|Any CPU = Release|Any CPU
	EndGlobalSection
	GlobalSection(ProjectConfigurationPlatforms) = postSolution
		{99BED87A-6340-438A-A57D-D9B7BFA380E0}.Debug|Any CPU.ActiveCfg = Debug|Any CPU
		{99BED87A-6340-438A-A57D-D9B7BFA380E0}.Debug|Any CPU.Build.0 = Debug|Any CPU
		{99BED87A-6340-438A-A57D-D9B7BFA380E0}.Release|Any CPU.ActiveCfg = Release|Any CPU
		{99BED87A-6340-438A-A57D-D9B7BFA380E0}.Release|Any CPU.Build.0 = Release|Any CPU
	EndGlobalSection
	GlobalSection(SolutionProperties) = preSolution
		HideSolutionNode = FALSE
	EndGlobalSection
	GlobalSection(ExtensibilityGlobals) = postSolution
		SolutionGuid = {DC5C5BB9-E30B-4DC4-BAE1-BE3C3321459F}
	EndGlobalSection
EndGlobal
